lockfileVersion: 5.3

specifiers:
  '@fortawesome/fontawesome-free': ^5.15.4
  '@sveltejs/adapter-static': ^1.0.0-next.17
  '@sveltejs/kit': next
  '@zerodevx/svelte-toast': ^0.5.1
  autoprefixer: ^10.3.3
  concurrently: ^6.2.1
  cross-env: ^7.0.3
  crypto-js: ^4.1.1
  ky: ^0.28.5
  postcss: ^8.3.6
  postcss-cli: ^8.3.1
  sirv-cli: ^1.0.14
  svelte: ^3.34.0
  svelte-easy-crop: ^1.0.4
  tailwindcss: ^2.2.8

dependencies:
  '@fortawesome/fontawesome-free': 5.15.4
  '@zerodevx/svelte-toast': 0.5.1
  crypto-js: 4.1.1
  ky: 0.28.5
  sirv-cli: 1.0.14
  svelte-easy-crop: 1.0.4

devDependencies:
  '@sveltejs/adapter-static': 1.0.0-next.17
  '@sveltejs/kit': 1.0.0-next.159_svelte@3.42.4
  autoprefixer: 10.3.3_postcss@8.3.6
  concurrently: 6.2.1
  cross-env: 7.0.3
  postcss: 8.3.6
  postcss-cli: 8.3.1_postcss@8.3.6
  svelte: 3.42.4
  tailwindcss: 2.2.8_3ae63246f7b6ebdbe8521b4b745e51c3

packages:

  /@babel/code-frame/7.14.5:
    resolution: {integrity: sha512-9pzDqyc6OLDaqe+zbACgFkb6fKMNG6CObKpnYXChRsvYGyEdc7CA2BaqeOM+vOtCS5ndmJicPJhKAwYRI6UfFw==}
    engines: {node: '>=6.9.0'}
    dependencies:
      '@babel/highlight': 7.14.5
    dev: true

  /@babel/helper-validator-identifier/7.14.9:
    resolution: {integrity: sha512-pQYxPY0UP6IHISRitNe8bsijHex4TWZXi2HwKVsjPiltzlhse2znVcm9Ace510VT1kxIHjGJCZZQBX2gJDbo0g==}
    engines: {node: '>=6.9.0'}
    dev: true

  /@babel/highlight/7.14.5:
    resolution: {integrity: sha512-qf9u2WFWVV0MppaL877j2dBtQIDgmidgjGk5VIMw3OadXvYaXn66U1BFlH2t4+t3i+8PhedppRv+i40ABzd+gg==}
    engines: {node: '>=6.9.0'}
    dependencies:
      '@babel/helper-validator-identifier': 7.14.9
      chalk: 2.4.2
      js-tokens: 4.0.0
    dev: true

  /@fortawesome/fontawesome-free/5.15.4:
    resolution: {integrity: sha512-eYm8vijH/hpzr/6/1CJ/V/Eb1xQFW2nnUKArb3z+yUWv7HTwj6M7SP957oMjfZjAHU6qpoNc2wQvIxBLWYa/Jg==}
    engines: {node: '>=6'}
    requiresBuild: true
    dev: false

  /@nodelib/fs.scandir/2.1.5:
    resolution: {integrity: sha512-vq24Bq3ym5HEQm2NKCr3yXDwjc7vTsEThRDnkp2DK9p1uqLR+DHurm/NOTo0KG7HYHU7eppKZj3MyqYuMBf62g==}
    engines: {node: '>= 8'}
    dependencies:
      '@nodelib/fs.stat': 2.0.5
      run-parallel: 1.2.0
    dev: true

  /@nodelib/fs.stat/2.0.5:
    resolution: {integrity: sha512-RkhPPp2zrqDAQA/2jNhnztcPAlv64XdhIp7a7454A5ovI7Bukxgt7MX7udwAu3zg1DcpPU0rz3VV1SeaqvY4+A==}
    engines: {node: '>= 8'}
    dev: true

  /@nodelib/fs.walk/1.2.8:
    resolution: {integrity: sha512-oGB+UxlgWcgQkgwo8GcEGwemoTFt3FIO9ababBmaGwXIoBKZ+GTy0pP185beGg7Llih/NSHSV2XAs1lnznocSg==}
    engines: {node: '>= 8'}
    dependencies:
      '@nodelib/fs.scandir': 2.1.5
      fastq: 1.12.0
    dev: true

  /@polka/url/1.0.0-next.20:
    resolution: {integrity: sha512-88p7+M0QGxKpmnkfXjS4V26AnoC/eiqZutE8GLdaI5X12NY75bXSdTY9NkmYb2Xyk1O+MmkuO6Frmsj84V6I8Q==}
    dev: false

  /@rollup/pluginutils/4.1.1:
    resolution: {integrity: sha512-clDjivHqWGXi7u+0d2r2sBi4Ie6VLEAzWMIkvJLnDmxoOhBYOTfzGbOQBA32THHm11/LiJbd01tJUpJsbshSWQ==}
    engines: {node: '>= 8.0.0'}
    dependencies:
      estree-walker: 2.0.2
      picomatch: 2.3.0
    dev: true

  /@sveltejs/adapter-static/1.0.0-next.17:
    resolution: {integrity: sha512-RKYNkQxtsMgt0wD8PhfXR1hGT1Tmq1E5eZeTr1KxIerczITRnWVT8LElfu/9Kusv44yYlyQtNc1mLoYqgloOQw==}
    dev: true

  /@sveltejs/kit/1.0.0-next.159_svelte@3.42.4:
    resolution: {integrity: sha512-aSq2zgnPmTFgiVBMtlkv5X/wnVBJDAmM9coRzk+qAKZoSLmLEmDteJbFt4m6IcAS7YoNKx/smSfC8QkdGjjrdg==}
    engines: {node: ^12.20 || >=14.13}
    hasBin: true
    peerDependencies:
      svelte: ^3.39.0
    dependencies:
      '@sveltejs/vite-plugin-svelte': 1.0.0-next.19_svelte@3.42.4+vite@2.5.1
      cheap-watch: 1.0.3
      sade: 1.7.4
      svelte: 3.42.4
      vite: 2.5.1
    transitivePeerDependencies:
      - diff-match-patch
      - supports-color
    dev: true

  /@sveltejs/vite-plugin-svelte/1.0.0-next.19_svelte@3.42.4+vite@2.5.1:
    resolution: {integrity: sha512-q9hHkMzodScwDq64pNaWhekpj97vWg3wO9T0rqd8bC2EsrBQs2uD1qMJvDqlNd63AbO2uSJMGo+TQ0Xt2xgyYg==}
    engines: {node: ^12.20 || ^14.13.1 || >= 16}
    peerDependencies:
      diff-match-patch: ^1.0.5
      svelte: ^3.34.0
      vite: ^2.3.7
    peerDependenciesMeta:
      diff-match-patch:
        optional: true
    dependencies:
      '@rollup/pluginutils': 4.1.1
      debug: 4.3.2
      kleur: 4.1.4
      magic-string: 0.25.7
      require-relative: 0.8.7
      svelte: 3.42.4
      svelte-hmr: 0.14.7_svelte@3.42.4
      vite: 2.5.1
    transitivePeerDependencies:
      - supports-color
    dev: true

  /@types/normalize-package-data/2.4.1:
    resolution: {integrity: sha512-Gj7cI7z+98M282Tqmp2K5EIsoouUEzbBJhQQzDE3jSIRk6r9gsz0oUokqIUR4u1R3dMHo0pDHM7sNOHyhulypw==}
    dev: true

  /@types/parse-json/4.0.0:
    resolution: {integrity: sha512-//oorEZjL6sbPcKUaCdIGlIUeH26mgzimjBB77G6XRgnDl/L5wOnpyBGRe/Mmf5CVW3PwEBE1NjiMZ/ssFh4wA==}
    dev: true

  /@zerodevx/svelte-toast/0.5.1:
    resolution: {integrity: sha512-YxkHhs62hZG3ffhhdi8Jj/VdmH2q/pFs7UxIf/pczShQfL80nIDtJILbnT2jVBY4cv5fXLQex1q4wKNxst4BKA==}
    dev: false

  /acorn-node/1.8.2:
    resolution: {integrity: sha512-8mt+fslDufLYntIoPAaIMUe/lrbrehIiwmR3t2k9LljIzoigEPF27eLk2hy8zSGzmR/ogr7zbRKINMo1u0yh5A==}
    dependencies:
      acorn: 7.4.1
      acorn-walk: 7.2.0
      xtend: 4.0.2
    dev: true

  /acorn-walk/7.2.0:
    resolution: {integrity: sha512-OPdCF6GsMIP+Az+aWfAAOEt2/+iVDKE7oy6lJ098aoe59oAmK76qV6Gw60SbZ8jHuG2wH058GF4pLFbYamYrVA==}
    engines: {node: '>=0.4.0'}
    dev: true

  /acorn/7.4.1:
    resolution: {integrity: sha512-nQyp0o1/mNdbTO1PO6kHkwSrmgZ0MT/jCCpNiwbUjGoRN4dlBhqJtoQuCnEOKzgTVwg0ZWiCoQy6SxMebQVh8A==}
    engines: {node: '>=0.4.0'}
    hasBin: true
    dev: true

  /ansi-regex/5.0.0:
    resolution: {integrity: sha512-bY6fj56OUQ0hU1KjFNDQuJFezqKdrAyFdIevADiqrWHwSlbmBNMHp5ak2f40Pm8JTFyM2mqxkG6ngkHO11f/lg==}
    engines: {node: '>=8'}
    dev: true

  /ansi-styles/3.2.1:
    resolution: {integrity: sha512-VT0ZI6kZRdTh8YyJw3SMbYm/u+NqfsAxEpWO0Pf9sq8/e94WxxOpPKx9FR1FlyCtOVDNOQ+8ntlqFxiRc+r5qA==}
    engines: {node: '>=4'}
    dependencies:
      color-convert: 1.9.3
    dev: true

  /ansi-styles/4.3.0:
    resolution: {integrity: sha512-zbB9rCJAT1rbjiVDb2hqKFHNYLxgtk8NURxZ3IZwD3F6NtxbXZQCnnSi1Lkx+IDohdPlFp222wVALIheZJQSEg==}
    engines: {node: '>=8'}
    dependencies:
      color-convert: 2.0.1
    dev: true

  /anymatch/3.1.2:
    resolution: {integrity: sha512-P43ePfOAIupkguHUycrc4qJ9kz8ZiuOUijaETwX7THt0Y/GNK7v0aa8rY816xWjZ7rJdA5XdMcpVFTKMq+RvWg==}
    engines: {node: '>= 8'}
    dependencies:
      normalize-path: 3.0.0
      picomatch: 2.3.0
    dev: true

  /arg/5.0.1:
    resolution: {integrity: sha512-e0hDa9H2Z9AwFkk2qDlwhoMYE4eToKarchkQHovNdLTCYMHZHeRjI71crOh+dio4K6u1IcwubQqo79Ga4CyAQA==}
    dev: true

  /array-union/2.1.0:
    resolution: {integrity: sha512-HGyxoOTYUyCM6stUe6EJgnd4EoewAI7zMdfqO+kGjnlZmBDz/cR5pf8r/cR4Wq60sL/p0IkcjUEEPwS3GFrIyw==}
    engines: {node: '>=8'}
    dev: true

  /at-least-node/1.0.0:
    resolution: {integrity: sha512-+q/t7Ekv1EDY2l6Gda6LLiX14rU9TV20Wa3ofeQmwPFZbOMo9DXrLbOjFaaclkXKWidIaopwAObQDqwWtGUjqg==}
    engines: {node: '>= 4.0.0'}
    dev: true

  /autoprefixer/10.3.3_postcss@8.3.6:
    resolution: {integrity: sha512-yRzjxfnggrP/+qVHlUuZz5FZzEbkT+Yt0/Df6ScEMnbbZBLzYB2W0KLxoQCW+THm1SpOsM1ZPcTHAwuvmibIsQ==}
    engines: {node: ^10 || ^12 || >=14}
    hasBin: true
    peerDependencies:
      postcss: ^8.1.0
    dependencies:
      browserslist: 4.16.8
      caniuse-lite: 1.0.30001252
      colorette: 1.3.0
      fraction.js: 4.1.1
      normalize-range: 0.1.2
      postcss: 8.3.6
      postcss-value-parser: 4.1.0
    dev: true

  /balanced-match/1.0.2:
    resolution: {integrity: sha512-3oSeUO0TMV67hN1AmbXsK4yaqU7tjiHlbxRDZOpH0KW9+CeX4bRAaX0Anxt0tx2MrpRpWwQaPwIlISEJhYU5Pw==}
    dev: true

  /binary-extensions/2.2.0:
    resolution: {integrity: sha512-jDctJ/IVQbZoJykoeHbhXpOlNBqGNcwXJKJog42E5HDPUwQTSdjCHdihjj0DlnheQ7blbT6dHOafNAiS8ooQKA==}
    engines: {node: '>=8'}
    dev: true

  /brace-expansion/1.1.11:
    resolution: {integrity: sha512-iCuPHDFgrHX7H2vEI/5xpz07zSHB00TpugqhmYtVmMO6518mCuRMoOYFldEBl0g187ufozdaHgWKcYFb61qGiA==}
    dependencies:
      balanced-match: 1.0.2
      concat-map: 0.0.1
    dev: true

  /braces/3.0.2:
    resolution: {integrity: sha512-b8um+L1RzM3WDSzvhm6gIz1yfTbBt6YTlcEKAvsmqCZZFw46z626lVj9j1yEPW33H5H+lBQpZMP1k8l+78Ha0A==}
    engines: {node: '>=8'}
    dependencies:
      fill-range: 7.0.1
    dev: true

  /browserslist/4.16.8:
    resolution: {integrity: sha512-sc2m9ohR/49sWEbPj14ZSSZqp+kbi16aLao42Hmn3Z8FpjuMaq2xCA2l4zl9ITfyzvnvyE0hcg62YkIGKxgaNQ==}
    engines: {node: ^6 || ^7 || ^8 || ^9 || ^10 || ^11 || ^12 || >=13.7}
    hasBin: true
    dependencies:
      caniuse-lite: 1.0.30001252
      colorette: 1.3.0
      electron-to-chromium: 1.3.822
      escalade: 3.1.1
      node-releases: 1.1.75
    dev: true

  /bytes/3.1.0:
    resolution: {integrity: sha512-zauLjrfCG+xvoyaqLoV8bLVXXNGC4JqlxFCutSDWA6fJrTo2ZuvLYTqZ7aHBLZSMOopbzwv8f+wZcVzfVTI2Dg==}
    engines: {node: '>= 0.8'}
    dev: true

  /callsites/3.1.0:
    resolution: {integrity: sha512-P8BjAsXvZS+VIDUI11hHCQEv74YT67YUi5JJFNWIqL235sBmjX4+qx9Muvls5ivyNENctx46xQLQ3aTuE7ssaQ==}
    engines: {node: '>=6'}
    dev: true

  /camelcase-css/2.0.1:
    resolution: {integrity: sha512-QOSvevhslijgYwRx6Rv7zKdMF8lbRmx+uQGx2+vDc+KI/eBnsy9kit5aj23AgGu3pa4t9AgwbnXWqS+iOY+2aA==}
    engines: {node: '>= 6'}
    dev: true

  /caniuse-lite/1.0.30001252:
    resolution: {integrity: sha512-I56jhWDGMtdILQORdusxBOH+Nl/KgQSdDmpJezYddnAkVOmnoU8zwjTV9xAjMIYxr0iPreEAVylCGcmHCjfaOw==}
    dev: true

  /chalk/2.4.2:
    resolution: {integrity: sha512-Mti+f9lpJNcwF4tWV8/OrTTtF1gZi+f8FqlyAdouralcFWFQWF2+NgCHShjkCb+IFBLq9buZwE1xckQU4peSuQ==}
    engines: {node: '>=4'}
    dependencies:
      ansi-styles: 3.2.1
      escape-string-regexp: 1.0.5
      supports-color: 5.5.0
    dev: true

  /chalk/4.1.2:
    resolution: {integrity: sha512-oKnbhFyRIXpUuez8iBMmyEa4nbj4IOQyuhc/wy9kY7/WVPcwIO9VA668Pu8RkO7+0G76SLROeyw9CpQ061i4mA==}
    engines: {node: '>=10'}
    dependencies:
      ansi-styles: 4.3.0
      supports-color: 7.2.0
    dev: true

  /cheap-watch/1.0.3:
    resolution: {integrity: sha512-xC5CruMhLzjPwJ5ecUxGu1uGmwJQykUhqd2QrCrYbwvsFYdRyviu6jG9+pccwDXJR/OpmOTOJ9yLFunVgQu9wg==}
    engines: {node: '>=8'}
    dev: true

  /chokidar/3.5.2:
    resolution: {integrity: sha512-ekGhOnNVPgT77r4K/U3GDhu+FQ2S8TnK/s2KbIGXi0SZWuwkZ2QNyfWdZW+TVfn84DpEP7rLeCt2UI6bJ8GwbQ==}
    engines: {node: '>= 8.10.0'}
    dependencies:
      anymatch: 3.1.2
      braces: 3.0.2
      glob-parent: 5.1.2
      is-binary-path: 2.1.0
      is-glob: 4.0.1
      normalize-path: 3.0.0
      readdirp: 3.6.0
    optionalDependencies:
      fsevents: 2.3.2
    dev: true

  /cliui/7.0.4:
    resolution: {integrity: sha512-OcRE68cOsVMXp1Yvonl/fzkQOyjLSu/8bhPDfQt0e0/Eb283TKP20Fs2MqoPsr9SwA595rRCA+QMzYc9nBP+JQ==}
    dependencies:
      string-width: 4.2.2
      strip-ansi: 6.0.0
      wrap-ansi: 7.0.0
    dev: true

  /color-convert/1.9.3:
    resolution: {integrity: sha512-QfAUtd+vFdAtFQcC8CCyYt1fYWxSqAiK2cSD6zDB8N3cpsEBAvRxp9zOGg6G/SHHJYAT88/az/IuDGALsNVbGg==}
    dependencies:
      color-name: 1.1.3
    dev: true

  /color-convert/2.0.1:
    resolution: {integrity: sha512-RRECPsj7iu/xb5oKYcsFHSppFNnsj/52OVTRKb4zP5onXwVF3zVmmToNcOfGC+CRDpfK/U584fMg38ZHCaElKQ==}
    engines: {node: '>=7.0.0'}
    dependencies:
      color-name: 1.1.4
    dev: true

  /color-name/1.1.3:
    resolution: {integrity: sha1-p9BVi9icQveV3UIyj3QIMcpTvCU=}
    dev: true

  /color-name/1.1.4:
    resolution: {integrity: sha512-dOy+3AuW3a2wNbZHIuMZpTcgjGuLU/uBL/ubcZF9OXbDo8ff4O8yVp5Bf0efS8uEoYo5q4Fx7dY9OgQGXgAsQA==}
    dev: true

  /color-string/1.6.0:
    resolution: {integrity: sha512-c/hGS+kRWJutUBEngKKmk4iH3sD59MBkoxVapS/0wgpCz2u7XsNloxknyvBhzwEs1IbV36D9PwqLPJ2DTu3vMA==}
    dependencies:
      color-name: 1.1.4
      simple-swizzle: 0.2.2
    dev: true

  /color/4.0.1:
    resolution: {integrity: sha512-rpZjOKN5O7naJxkH2Rx1sZzzBgaiWECc6BYXjeCE6kF0kcASJYbUq02u7JqIHwCb/j3NhV+QhRL2683aICeGZA==}
    dependencies:
      color-convert: 2.0.1
      color-string: 1.6.0
    dev: true

  /colorette/1.3.0:
    resolution: {integrity: sha512-ecORCqbSFP7Wm8Y6lyqMJjexBQqXSF7SSeaTyGGphogUjBlFP9m9o08wy86HL2uB7fMTxtOUzLMk7ogKcxMg1w==}
    dev: true

  /commander/6.2.1:
    resolution: {integrity: sha512-U7VdrJFnJgo4xjrHpTzu0yrHPGImdsmD95ZlgYSEajAn2JKzDhDTPG9kBTefmObL2w/ngeZnilk+OV9CG3d7UA==}
    engines: {node: '>= 6'}
    dev: true

  /concat-map/0.0.1:
    resolution: {integrity: sha1-2Klr13/Wjfd5OnMDajug1UBdR3s=}
    dev: true

  /concurrently/6.2.1:
    resolution: {integrity: sha512-emgwhH+ezkuYKSHZQ+AkgEpoUZZlbpPVYCVv7YZx0r+T7fny1H03r2nYRebpi2DudHR4n1Rgbo2YTxKOxVJ4+g==}
    engines: {node: '>=10.0.0'}
    hasBin: true
    dependencies:
      chalk: 4.1.2
      date-fns: 2.23.0
      lodash: 4.17.21
      read-pkg: 5.2.0
      rxjs: 6.6.7
      spawn-command: 0.0.2-1
      supports-color: 8.1.1
      tree-kill: 1.2.2
      yargs: 16.2.0
    dev: true

  /console-clear/1.1.1:
    resolution: {integrity: sha512-pMD+MVR538ipqkG5JXeOEbKWS5um1H4LUUccUQG68qpeqBYbzYy79Gh55jkd2TtPdRfUaLWdv6LPP//5Zt0aPQ==}
    engines: {node: '>=4'}
    dev: false

  /cosmiconfig/7.0.1:
    resolution: {integrity: sha512-a1YWNUV2HwGimB7dU2s1wUMurNKjpx60HxBB6xUM8Re+2s1g1IIfJvFR0/iCF+XHdE0GMTKTuLR32UQff4TEyQ==}
    engines: {node: '>=10'}
    dependencies:
      '@types/parse-json': 4.0.0
      import-fresh: 3.3.0
      parse-json: 5.2.0
      path-type: 4.0.0
      yaml: 1.10.2
    dev: true

  /cross-env/7.0.3:
    resolution: {integrity: sha512-+/HKd6EgcQCJGh2PSjZuUitQBQynKor4wrFbRg4DtAgS1aWO+gU52xpH7M9ScGgXSYmAVS9bIJ8EzuaGw0oNAw==}
    engines: {node: '>=10.14', npm: '>=6', yarn: '>=1'}
    hasBin: true
    dependencies:
      cross-spawn: 7.0.3
    dev: true

  /cross-spawn/7.0.3:
    resolution: {integrity: sha512-iRDPJKUPVEND7dHPO8rkbOnPpyDygcDFtWjpeWNCgy8WP2rXcxXL8TskReQl6OrB2G7+UJrags1q15Fudc7G6w==}
    engines: {node: '>= 8'}
    dependencies:
      path-key: 3.1.1
      shebang-command: 2.0.0
      which: 2.0.2
    dev: true

  /crypto-js/4.1.1:
    resolution: {integrity: sha512-o2JlM7ydqd3Qk9CA0L4NL6mTzU2sdx96a+oOfPu8Mkl/PK51vSyoi8/rQ8NknZtk44vq15lmhAj9CIAGwgeWKw==}
    dev: false

  /css-unit-converter/1.1.2:
    resolution: {integrity: sha512-IiJwMC8rdZE0+xiEZHeru6YoONC4rfPMqGm2W85jMIbkFvv5nFTwJVFHam2eFrN6txmoUYFAFXiv8ICVeTO0MA==}
    dev: true

  /cssesc/3.0.0:
    resolution: {integrity: sha512-/Tb/JcjK111nNScGob5MNtsntNM1aCNUDipB/TkwZFhyDrrE47SOx/18wF2bbjgc3ZzCSKW1T5nt5EbFoAz/Vg==}
    engines: {node: '>=4'}
    hasBin: true
    dev: true

  /date-fns/2.23.0:
    resolution: {integrity: sha512-5ycpauovVyAk0kXNZz6ZoB9AYMZB4DObse7P3BPWmyEjXNORTI8EJ6X0uaSAq4sCHzM1uajzrkr6HnsLQpxGXA==}
    engines: {node: '>=0.11'}
    dev: true

  /debug/4.3.2:
    resolution: {integrity: sha512-mOp8wKcvj7XxC78zLgw/ZA+6TSgkoE2C/ienthhRD298T7UNwAg9diBpLRxC0mOezLl4B0xV7M0cCO6P/O0Xhw==}
    engines: {node: '>=6.0'}
    peerDependencies:
      supports-color: '*'
    peerDependenciesMeta:
      supports-color:
        optional: true
    dependencies:
      ms: 2.1.2
    dev: true

  /defined/1.0.0:
    resolution: {integrity: sha1-yY2bzvdWdBiOEQlpFRGZ45sfppM=}
    dev: true

  /dependency-graph/0.9.0:
    resolution: {integrity: sha512-9YLIBURXj4DJMFALxXw9K3Y3rwb5Fk0X5/8ipCzaN84+gKxoHK43tVKRNakCQbiEx07E8Uwhuq21BpUagFhZ8w==}
    engines: {node: '>= 0.6.0'}
    dev: true

  /detective/5.2.0:
    resolution: {integrity: sha512-6SsIx+nUUbuK0EthKjv0zrdnajCCXVYGmbYYiYjFVpzcjwEs/JMDZ8tPRG29J/HhN56t3GJp2cGSWDRjjot8Pg==}
    engines: {node: '>=0.8.0'}
    hasBin: true
    dependencies:
      acorn-node: 1.8.2
      defined: 1.0.0
      minimist: 1.2.5
    dev: true

  /didyoumean/1.2.2:
    resolution: {integrity: sha512-gxtyfqMg7GKyhQmb056K7M3xszy/myH8w+B4RT+QXBQsvAOdc3XymqDDPHx1BgPgsdAA5SIifona89YtRATDzw==}
    dev: true

  /dir-glob/3.0.1:
    resolution: {integrity: sha512-WkrWp9GR4KXfKGYzOLmTuGVi1UWFfws377n9cc55/tb6DuqyF6pcQ5AbiHEshaDpY9v6oaSr2XCDidGmMwdzIA==}
    engines: {node: '>=8'}
    dependencies:
      path-type: 4.0.0
    dev: true

  /dlv/1.1.3:
    resolution: {integrity: sha512-+HlytyjlPKnIG8XuRG8WvmBP8xs8P71y+SKKS6ZXWoEgLuePxtDoUEiH7WkdePWrQ5JBpE6aoVqfZfJUQkjXwA==}
    dev: true

  /electron-to-chromium/1.3.822:
    resolution: {integrity: sha512-k7jG5oYYHxF4jx6PcqwHX3JVME/OjzolqOZiIogi9xtsfsmTjTdie4x88OakYFPEa8euciTgCCzvVNwvmjHb1Q==}
    dev: true

  /emoji-regex/8.0.0:
    resolution: {integrity: sha512-MSjYzcWNOA0ewAHpz0MxpYFvwg6yjy1NG3xteoqz644VCo/RPgnr1/GGt+ic3iJTzQ8Eu3TdM14SawnVUmGE6A==}
    dev: true

  /error-ex/1.3.2:
    resolution: {integrity: sha512-7dFHNmqeFSEt2ZBsCriorKnn3Z2pj+fd9kmI6QoWw4//DL+icEBfc0U7qJCisqrTsKTjw4fNFy2pW9OqStD84g==}
    dependencies:
      is-arrayish: 0.2.1
    dev: true

  /esbuild/0.12.24:
    resolution: {integrity: sha512-C0ibY+HsXzYB6L/pLWEiWjMpghKsIc58Q5yumARwBQsHl9DXPakW+5NI/Y9w4YXiz0PEP6XTGTT/OV4Nnsmb4A==}
    hasBin: true
    requiresBuild: true
    dev: true

  /escalade/3.1.1:
    resolution: {integrity: sha512-k0er2gUkLf8O0zKJiAhmkTnJlTvINGv7ygDNPbeIsX/TJjGJZHuh9B2UxbsaEkmlEo9MfhrSzmhIlhRlI2GXnw==}
    engines: {node: '>=6'}
    dev: true

  /escape-string-regexp/1.0.5:
    resolution: {integrity: sha1-G2HAViGQqN/2rjuyzwIAyhMLhtQ=}
    engines: {node: '>=0.8.0'}
    dev: true

  /estree-walker/2.0.2:
    resolution: {integrity: sha512-Rfkk/Mp/DL7JVje3u18FxFujQlTNR2q6QfMSMB7AvCBx91NGj/ba3kCfza0f6dVDbw7YlRf/nDrn7pQrCCyQ/w==}
    dev: true

  /fast-glob/3.2.7:
    resolution: {integrity: sha512-rYGMRwip6lUMvYD3BTScMwT1HtAs2d71SMv66Vrxs0IekGZEjhM0pcMfjQPnknBt2zeCwQMEupiN02ZP4DiT1Q==}
    engines: {node: '>=8'}
    dependencies:
      '@nodelib/fs.stat': 2.0.5
      '@nodelib/fs.walk': 1.2.8
      glob-parent: 5.1.2
      merge2: 1.4.1
      micromatch: 4.0.4
    dev: true

  /fastq/1.12.0:
    resolution: {integrity: sha512-VNX0QkHK3RsXVKr9KrlUv/FoTa0NdbYoHHl7uXHv2rzyHSlxjdNAKug2twd9luJxpcyNeAgf5iPPMutJO67Dfg==}
    dependencies:
      reusify: 1.0.4
    dev: true

  /fill-range/7.0.1:
    resolution: {integrity: sha512-qOo9F+dMUmC2Lcb4BbVvnKJxTPjCm+RRpe4gDuGrzkL7mEVl/djYSu2OdQ2Pa302N4oqkSg9ir6jaLWJ2USVpQ==}
    engines: {node: '>=8'}
    dependencies:
      to-regex-range: 5.0.1
    dev: true

  /fraction.js/4.1.1:
    resolution: {integrity: sha512-MHOhvvxHTfRFpF1geTK9czMIZ6xclsEor2wkIGYYq+PxcQqT7vStJqjhe6S1TenZrMZzo+wlqOufBDVepUEgPg==}
    dev: true

  /fs-extra/10.0.0:
    resolution: {integrity: sha512-C5owb14u9eJwizKGdchcDUQeFtlSHHthBk8pbX9Vc1PFZrLombudjDnNns88aYslCyF6IY5SUw3Roz6xShcEIQ==}
    engines: {node: '>=12'}
    dependencies:
      graceful-fs: 4.2.8
      jsonfile: 6.1.0
      universalify: 2.0.0
    dev: true

  /fs-extra/9.1.0:
    resolution: {integrity: sha512-hcg3ZmepS30/7BSFqRvoo3DOMQu7IjqxO5nCDt+zM9XWjb33Wg7ziNT+Qvqbuc3+gWpzO02JubVyk2G4Zvo1OQ==}
    engines: {node: '>=10'}
    dependencies:
      at-least-node: 1.0.0
      graceful-fs: 4.2.8
      jsonfile: 6.1.0
      universalify: 2.0.0
    dev: true

  /fs.realpath/1.0.0:
    resolution: {integrity: sha1-FQStJSMVjKpA20onh8sBQRmU6k8=}
    dev: true

  /fsevents/2.3.2:
    resolution: {integrity: sha512-xiqMQR4xAeHTuB9uWm+fFRcIOgKBMiOBP+eXiyT7jsgVCq1bkVygt00oASowB7EdtpOHaaPgKt812P9ab+DDKA==}
    engines: {node: ^8.16.0 || ^10.6.0 || >=11.0.0}
    os: [darwin]
    requiresBuild: true
    dev: true
    optional: true

  /function-bind/1.1.1:
    resolution: {integrity: sha512-yIovAzMX49sF8Yl58fSCWJ5svSLuaibPxXQJFLmBObTuCr0Mf1KiPopGM9NiFjiYBCbfaa2Fh6breQ6ANVTI0A==}
    dev: true

  /get-caller-file/2.0.5:
    resolution: {integrity: sha512-DyFP3BM/3YHTQOCUL/w0OZHR0lpKeGrxotcHWcqNEdnltqFwXVfhEBQ94eIo34AfQpo0rGki4cyIiftY06h2Fg==}
    engines: {node: 6.* || 8.* || >= 10.*}
    dev: true

  /get-port/3.2.0:
    resolution: {integrity: sha1-3Xzn3hh8Bsi/NTeWrHHgmfCYDrw=}
    engines: {node: '>=4'}
    dev: false

  /get-stdin/8.0.0:
    resolution: {integrity: sha512-sY22aA6xchAzprjyqmSEQv4UbAAzRN0L2dQB0NlN5acTTK9Don6nhoc3eAbUnpZiCANAMfd/+40kVdKfFygohg==}
    engines: {node: '>=10'}
    dev: true

  /glob-parent/5.1.2:
    resolution: {integrity: sha512-AOIgSQCepiJYwP3ARnGx+5VnTu2HBYdzbGP45eLw1vr3zB3vZLeyed1sC9hnbcOc9/SrMyM5RPQrkGz4aS9Zow==}
    engines: {node: '>= 6'}
    dependencies:
      is-glob: 4.0.1
    dev: true

  /glob-parent/6.0.1:
    resolution: {integrity: sha512-kEVjS71mQazDBHKcsq4E9u/vUzaLcw1A8EtUeydawvIWQCJM0qQ08G1H7/XTjFUulla6XQiDOG6MXSaG0HDKog==}
    engines: {node: '>=10.13.0'}
    dependencies:
      is-glob: 4.0.1
    dev: true

  /glob/7.1.7:
    resolution: {integrity: sha512-OvD9ENzPLbegENnYP5UUfJIirTg4+XwMWGaQfQTY0JenxNvvIKP3U3/tAQSPIu/lHxXYSZmpXlUHeqAIdKzBLQ==}
    dependencies:
      fs.realpath: 1.0.0
      inflight: 1.0.6
      inherits: 2.0.4
      minimatch: 3.0.4
      once: 1.4.0
      path-is-absolute: 1.0.1
    dev: true

  /globby/11.0.4:
    resolution: {integrity: sha512-9O4MVG9ioZJ08ffbcyVYyLOJLk5JQ688pJ4eMGLpdWLHq/Wr1D9BlriLQyL0E+jbkuePVZXYFj47QM/v093wHg==}
    engines: {node: '>=10'}
    dependencies:
      array-union: 2.1.0
      dir-glob: 3.0.1
      fast-glob: 3.2.7
      ignore: 5.1.8
      merge2: 1.4.1
      slash: 3.0.0
    dev: true

  /graceful-fs/4.2.8:
    resolution: {integrity: sha512-qkIilPUYcNhJpd33n0GBXTB1MMPp14TxEsEs0pTrsSVucApsYzW5V+Q8Qxhik6KU3evy+qkAAowTByymK0avdg==}
    dev: true

  /has-flag/3.0.0:
    resolution: {integrity: sha1-tdRU3CGZriJWmfNGfloH87lVuv0=}
    engines: {node: '>=4'}
    dev: true

  /has-flag/4.0.0:
    resolution: {integrity: sha512-EykJT/Q1KjTWctppgIAgfSO0tKVuZUjhgMr17kqTumMl6Afv3EISleU7qZUzoXDFTAHTDC4NOoG/ZxU3EvlMPQ==}
    engines: {node: '>=8'}
    dev: true

  /has/1.0.3:
    resolution: {integrity: sha512-f2dvO0VU6Oej7RkWJGrehjbzMAjFp5/VKPp5tTpWIV4JHHZK1/BxbFRtf/siA2SWTe09caDmVtYYzWEIbBS4zw==}
    engines: {node: '>= 0.4.0'}
    dependencies:
      function-bind: 1.1.1
    dev: true

  /hosted-git-info/2.8.9:
    resolution: {integrity: sha512-mxIDAb9Lsm6DoOJ7xH+5+X4y1LU/4Hi50L9C5sIswK3JzULS4bwk1FvjdBgvYR4bzT4tuUQiC15FE2f5HbLvYw==}
    dev: true

  /html-tags/3.1.0:
    resolution: {integrity: sha512-1qYz89hW3lFDEazhjW0yVAV87lw8lVkrJocr72XmBkMKsoSVJCQx3W8BXsC7hO2qAt8BoVjYjtAcZ9perqGnNg==}
    engines: {node: '>=8'}
    dev: true

  /ignore/5.1.8:
    resolution: {integrity: sha512-BMpfD7PpiETpBl/A6S498BaIJ6Y/ABT93ETbby2fP00v4EbvPBXWEoaR1UBPKs3iR53pJY7EtZk5KACI57i1Uw==}
    engines: {node: '>= 4'}
    dev: true

  /import-cwd/3.0.0:
    resolution: {integrity: sha512-4pnzH16plW+hgvRECbDWpQl3cqtvSofHWh44met7ESfZ8UZOWWddm8hEyDTqREJ9RbYHY8gi8DqmaelApoOGMg==}
    engines: {node: '>=8'}
    dependencies:
      import-from: 3.0.0
    dev: true

  /import-fresh/3.3.0:
    resolution: {integrity: sha512-veYYhQa+D1QBKznvhUHxb8faxlrwUnxseDAbAp457E0wLNio2bOSKnjYDhMj+YiAq61xrMGhQk9iXVk5FzgQMw==}
    engines: {node: '>=6'}
    dependencies:
      parent-module: 1.0.1
      resolve-from: 4.0.0
    dev: true

  /import-from/3.0.0:
    resolution: {integrity: sha512-CiuXOFFSzkU5x/CR0+z7T91Iht4CXgfCxVOFRhh2Zyhg5wOpWvvDLQUsWl+gcN+QscYBjez8hDCt85O7RLDttQ==}
    engines: {node: '>=8'}
    dependencies:
      resolve-from: 5.0.0
    dev: true

  /inflight/1.0.6:
    resolution: {integrity: sha1-Sb1jMdfQLQwJvJEKEHW6gWW1bfk=}
    dependencies:
      once: 1.4.0
      wrappy: 1.0.2
    dev: true

  /inherits/2.0.4:
    resolution: {integrity: sha512-k/vGaX4/Yla3WzyMCvTQOXYeIHvqOKtnqBduzTHpzpQZzAskKMhZ2K+EnBiSM9zGSoIFeMpXKxa4dYeZIQqewQ==}
    dev: true

  /is-arrayish/0.2.1:
    resolution: {integrity: sha1-d8mYQFJ6qOyxqLppe4BkWnqSap0=}
    dev: true

  /is-arrayish/0.3.2:
    resolution: {integrity: sha512-eVRqCvVlZbuw3GrM63ovNSNAeA1K16kaR/LRY/92w0zxQ5/1YzwblUX652i4Xs9RwAGjW9d9y6X88t8OaAJfWQ==}
    dev: true

  /is-binary-path/2.1.0:
    resolution: {integrity: sha512-ZMERYes6pDydyuGidse7OsHxtbI7WVeUEozgR/g7rd0xUimYNlvZRE/K2MgZTjWy725IfelLeVcEM97mmtRGXw==}
    engines: {node: '>=8'}
    dependencies:
      binary-extensions: 2.2.0
    dev: true

  /is-core-module/2.6.0:
    resolution: {integrity: sha512-wShG8vs60jKfPWpF2KZRaAtvt3a20OAn7+IJ6hLPECpSABLcKtFKTTI4ZtH5QcBruBHlq+WsdHWyz0BCZW7svQ==}
    dependencies:
      has: 1.0.3
    dev: true

  /is-extglob/2.1.1:
    resolution: {integrity: sha1-qIwCU1eR8C7TfHahueqXc8gz+MI=}
    engines: {node: '>=0.10.0'}
    dev: true

  /is-fullwidth-code-point/3.0.0:
    resolution: {integrity: sha512-zymm5+u+sCsSWyD9qNaejV3DFvhCKclKdizYaJUuHA83RLjb7nSuGnddCHGv0hk+KY7BMAlsWeK4Ueg6EV6XQg==}
    engines: {node: '>=8'}
    dev: true

  /is-glob/4.0.1:
    resolution: {integrity: sha512-5G0tKtBTFImOqDnLB2hG6Bp2qcKEFduo4tZu9MT/H6NQv/ghhy30o55ufafxJ/LdH79LLs2Kfrn85TLKyA7BUg==}
    engines: {node: '>=0.10.0'}
    dependencies:
      is-extglob: 2.1.1
    dev: true

  /is-number/7.0.0:
    resolution: {integrity: sha512-41Cifkg6e8TylSpdtTpeLVMqvSBEVzTttHvERD741+pnZ8ANv0004MRL43QKPDlK9cGvNp6NZWZUBlbGXYxxng==}
    engines: {node: '>=0.12.0'}
    dev: true

  /isexe/2.0.0:
    resolution: {integrity: sha1-6PvzdNxVb/iUehDcsFctYz8s+hA=}
    dev: true

  /js-tokens/4.0.0:
    resolution: {integrity: sha512-RdJUflcE3cUzKiMqQgsCu06FPu9UdIJO0beYbPhHN4k6apgJtifcoCtT9bcxOpYBtpD2kCM6Sbzg4CausW/PKQ==}
    dev: true

  /json-parse-even-better-errors/2.3.1:
    resolution: {integrity: sha512-xyFwyhro/JEof6Ghe2iz2NcXoj2sloNsWr/XsERDK/oiPCfaNhl5ONfp+jQdAZRQQ0IJWNzH9zIZF7li91kh2w==}
    dev: true

  /jsonfile/6.1.0:
    resolution: {integrity: sha512-5dgndWOriYSm5cnYaJNhalLNDKOqFwyDB/rr1E9ZsGciGvKPs8R2xYGCacuf3z6K1YKDz182fd+fY3cn3pMqXQ==}
    dependencies:
      universalify: 2.0.0
    optionalDependencies:
      graceful-fs: 4.2.8
    dev: true

  /kleur/3.0.3:
    resolution: {integrity: sha512-eTIzlVOSUR+JxdDFepEYcBMtZ9Qqdef+rnzWdRZuMbOywu5tO2w2N7rqjoANZ5k9vywhL6Br1VRjUIgTQx4E8w==}
    engines: {node: '>=6'}
    dev: false

  /kleur/4.1.4:
    resolution: {integrity: sha512-8QADVssbrFjivHWQU7KkMgptGTl6WAcSdlbBPY4uNF+mWr6DGcKrvY2w4FQJoXch7+fKMjj0dRrL75vk3k23OA==}
    engines: {node: '>=6'}
    dev: true

  /ky/0.28.5:
    resolution: {integrity: sha512-O5gg9kF4MeyfSw+YkgPAafOPwEUU6xcdGEJKUJmKpIPbLzk3oxUtY4OdBNekG7mawofzkyZ/ZHuR9ev5uZZdAA==}
    engines: {node: '>=12'}
    dev: false

  /lilconfig/2.0.3:
    resolution: {integrity: sha512-EHKqr/+ZvdKCifpNrJCKxBTgk5XupZA3y/aCPY9mxfgBzmgh93Mt/WqjjQ38oMxXuvDokaKiM3lAgvSH2sjtHg==}
    engines: {node: '>=10'}
    dev: true

  /lines-and-columns/1.1.6:
    resolution: {integrity: sha1-HADHQ7QzzQpOgHWPe2SldEDZ/wA=}
    dev: true

  /local-access/1.1.0:
    resolution: {integrity: sha512-XfegD5pyTAfb+GY6chk283Ox5z8WexG56OvM06RWLpAc/UHozO8X6xAxEkIitZOtsSMM1Yr3DkHgW5W+onLhCw==}
    engines: {node: '>=6'}
    dev: false

  /lodash.difference/4.5.0:
    resolution: {integrity: sha1-nMtOUF1Ia5FlE0V3KIWi3yf9AXw=}
    dev: true

  /lodash.forown/4.4.0:
    resolution: {integrity: sha1-hRFc8E9z75ZuztUlEdOJPMRmg68=}
    dev: true

  /lodash.get/4.4.2:
    resolution: {integrity: sha1-LRd/ZS+jHpObRDjVNBSZ36OCXpk=}
    dev: true

  /lodash.groupby/4.6.0:
    resolution: {integrity: sha1-Cwih3PaDl8OXhVwyOXg4Mt90A9E=}
    dev: true

  /lodash.sortby/4.7.0:
    resolution: {integrity: sha1-7dFMgk4sycHgsKG0K7UhBRakJDg=}
    dev: true

  /lodash.topath/4.5.2:
    resolution: {integrity: sha1-NhY1Hzu6YZlKCTGYlmC9AyVP0Ak=}
    dev: true

  /lodash/4.17.21:
    resolution: {integrity: sha512-v2kDEe57lecTulaDIuNTPy3Ry4gLGJ6Z1O3vE1krgXZNrsQ+LFTGHVxVjcXPs17LhbZVGedAJv8XZ1tvj5FvSg==}
    dev: true

  /magic-string/0.25.7:
    resolution: {integrity: sha512-4CrMT5DOHTDk4HYDlzmwu4FVCcIYI8gauveasrdCu2IKIFOJ3f0v/8MDGJCDL9oD2ppz/Av1b0Nj345H9M+XIA==}
    dependencies:
      sourcemap-codec: 1.4.8
    dev: true

  /merge2/1.4.1:
    resolution: {integrity: sha512-8q7VEgMJW4J8tcfVPy8g09NcQwZdbwFEqhe/WZkoIzjn/3TGDwtOCYtXGxA3O8tPzpczCCDgv+P2P5y00ZJOOg==}
    engines: {node: '>= 8'}
    dev: true

  /micromatch/4.0.4:
    resolution: {integrity: sha512-pRmzw/XUcwXGpD9aI9q/0XOwLNygjETJ8y0ao0wdqprrzDa4YnxLcz7fQRZr8voh8V10kGhABbNcHVk5wHgWwg==}
    engines: {node: '>=8.6'}
    dependencies:
      braces: 3.0.2
      picomatch: 2.3.0
    dev: true

  /mime/2.5.2:
    resolution: {integrity: sha512-tqkh47FzKeCPD2PUiPB6pkbMzsCasjxAfC62/Wap5qrUWcb+sFasXUC5I3gYM5iBM8v/Qpn4UK0x+j0iHyFPDg==}
    engines: {node: '>=4.0.0'}
    hasBin: true
    dev: false

  /minimatch/3.0.4:
    resolution: {integrity: sha512-yJHVQEhyqPLUTgt9B83PXu6W3rx4MvvHvSUvToogpwoGDOUQ+yDrR0HRot+yOCdCO7u4hX3pWft6kWBBcqh0UA==}
    dependencies:
      brace-expansion: 1.1.11
    dev: true

  /minimist/1.2.5:
    resolution: {integrity: sha512-FM9nNUYrRBAELZQT3xeZQ7fmMOBg6nWNmJKTcgsJeaLstP/UODVpGsr5OhXhhXg6f+qtJ8uiZ+PUxkDWcgIXLw==}
    dev: true

  /modern-normalize/1.1.0:
    resolution: {integrity: sha512-2lMlY1Yc1+CUy0gw4H95uNN7vjbpoED7NNRSBHE25nWfLBdmMzFCsPshlzbxHz+gYMcBEUN8V4pU16prcdPSgA==}
    engines: {node: '>=6'}
    dev: true

  /mri/1.1.6:
    resolution: {integrity: sha512-oi1b3MfbyGa7FJMP9GmLTttni5JoICpYBRlq+x5V16fZbLsnL9N3wFqqIm/nIG43FjUFkFh9Epzp/kzUGUnJxQ==}
    engines: {node: '>=4'}

  /ms/2.1.2:
    resolution: {integrity: sha512-sGkPx+VjMtmA6MX27oA4FBFELFCZZ4S4XqeGOXCv68tT+jb3vk/RyaKWP0PTKyWtmLSM0b+adUTEvbs1PEaH2w==}
    dev: true

  /nanoid/3.1.25:
    resolution: {integrity: sha512-rdwtIXaXCLFAQbnfqDRnI6jaRHp9fTcYBjtFKE8eezcZ7LuLjhUaQGNeMXf1HmRoCH32CLz6XwX0TtxEOS/A3Q==}
    engines: {node: ^10 || ^12 || ^13.7 || ^14 || >=15.0.1}
    hasBin: true
    dev: true

  /node-emoji/1.11.0:
    resolution: {integrity: sha512-wo2DpQkQp7Sjm2A0cq+sN7EHKO6Sl0ctXeBdFZrL9T9+UywORbufTcTZxom8YqpLQt/FqNMUkOpkZrJVYSKD3A==}
    dependencies:
      lodash: 4.17.21
    dev: true

  /node-releases/1.1.75:
    resolution: {integrity: sha512-Qe5OUajvqrqDSy6wrWFmMwfJ0jVgwiw4T3KqmbTcZ62qW0gQkheXYhcFM1+lOVcGUoRxcEcfyvFMAnDgaF1VWw==}
    dev: true

  /normalize-package-data/2.5.0:
    resolution: {integrity: sha512-/5CMN3T0R4XTj4DcGaexo+roZSdSFW/0AOOTROrjxzCG1wrWXEsGbRKevjlIL+ZDE4sZlJr5ED4YW0yqmkK+eA==}
    dependencies:
      hosted-git-info: 2.8.9
      resolve: 1.20.0
      semver: 5.7.1
      validate-npm-package-license: 3.0.4
    dev: true

  /normalize-path/3.0.0:
    resolution: {integrity: sha512-6eZs5Ls3WtCisHWp9S2GUy8dqkpGi4BVSz3GaqiE6ezub0512ESztXUwUB6C6IKbQkY2Pnb/mD4WYojCRwcwLA==}
    engines: {node: '>=0.10.0'}
    dev: true

  /normalize-range/0.1.2:
    resolution: {integrity: sha1-LRDAa9/TEuqXd2laTShDlFa3WUI=}
    engines: {node: '>=0.10.0'}
    dev: true

  /object-hash/2.2.0:
    resolution: {integrity: sha512-gScRMn0bS5fH+IuwyIFgnh9zBdo4DV+6GhygmWM9HyNJSgS0hScp1f5vjtm7oIIOiT9trXrShAkLFSc2IqKNgw==}
    engines: {node: '>= 6'}
    dev: true

  /once/1.4.0:
    resolution: {integrity: sha1-WDsap3WWHUsROsF9nFC6753Xa9E=}
    dependencies:
      wrappy: 1.0.2
    dev: true

  /parent-module/1.0.1:
    resolution: {integrity: sha512-GQ2EWRpQV8/o+Aw8YqtfZZPfNRWZYkbidE9k5rpl/hC3vtHHBfGm2Ifi6qWV+coDGkrUKZAxE3Lot5kcsRlh+g==}
    engines: {node: '>=6'}
    dependencies:
      callsites: 3.1.0
    dev: true

  /parse-json/5.2.0:
    resolution: {integrity: sha512-ayCKvm/phCGxOkYRSCM82iDwct8/EonSEgCSxWxD7ve6jHggsFl4fZVQBPRNgQoKiuV/odhFrGzQXZwbifC8Rg==}
    engines: {node: '>=8'}
    dependencies:
      '@babel/code-frame': 7.14.5
      error-ex: 1.3.2
      json-parse-even-better-errors: 2.3.1
      lines-and-columns: 1.1.6
    dev: true

  /path-is-absolute/1.0.1:
    resolution: {integrity: sha1-F0uSaHNVNP+8es5r9TpanhtcX18=}
    engines: {node: '>=0.10.0'}
    dev: true

  /path-key/3.1.1:
    resolution: {integrity: sha512-ojmeN0qd+y0jszEtoY48r0Peq5dwMEkIlCOu6Q5f41lfkswXuKtYrhgoTpLnyIcHm24Uhqx+5Tqm2InSwLhE6Q==}
    engines: {node: '>=8'}
    dev: true

  /path-parse/1.0.7:
    resolution: {integrity: sha512-LDJzPVEEEPR+y48z93A0Ed0yXb8pAByGWo/k5YYdYgpY2/2EsOsksJrq7lOHxryrVOn1ejG6oAp8ahvOIQD8sw==}
    dev: true

  /path-type/4.0.0:
    resolution: {integrity: sha512-gDKb8aZMDeD/tZWs9P6+q0J9Mwkdl6xMV8TjnGP3qJVJ06bdMgkbBlLU8IdfOsIsFz2BW1rNVT3XuNEl8zPAvw==}
    engines: {node: '>=8'}
    dev: true

  /picomatch/2.3.0:
    resolution: {integrity: sha512-lY1Q/PiJGC2zOv/z391WOTD+Z02bCgsFfvxoXXf6h7kv9o+WmsmzYqrAwY63sNgOxE4xEdq0WyUnXfKeBrSvYw==}
    engines: {node: '>=8.6'}
    dev: true

  /pify/2.3.0:
    resolution: {integrity: sha1-7RQaasBDqEnqWISY59yosVMw6Qw=}
    engines: {node: '>=0.10.0'}
    dev: true

  /postcss-cli/8.3.1_postcss@8.3.6:
    resolution: {integrity: sha512-leHXsQRq89S3JC9zw/tKyiVV2jAhnfQe0J8VI4eQQbUjwIe0XxVqLrR+7UsahF1s9wi4GlqP6SJ8ydf44cgF2Q==}
    engines: {node: '>=10'}
    hasBin: true
    peerDependencies:
      postcss: ^8.0.0
    dependencies:
      chalk: 4.1.2
      chokidar: 3.5.2
      dependency-graph: 0.9.0
      fs-extra: 9.1.0
      get-stdin: 8.0.0
      globby: 11.0.4
      postcss: 8.3.6
      postcss-load-config: 3.1.0
      postcss-reporter: 7.0.2_postcss@8.3.6
      pretty-hrtime: 1.0.3
      read-cache: 1.0.0
      slash: 3.0.0
      yargs: 16.2.0
    transitivePeerDependencies:
      - ts-node
    dev: true

  /postcss-js/3.0.3:
    resolution: {integrity: sha512-gWnoWQXKFw65Hk/mi2+WTQTHdPD5UJdDXZmX073EY/B3BWnYjO4F4t0VneTCnCGQ5E5GsCdMkzPaTXwl3r5dJw==}
    engines: {node: '>=10.0'}
    dependencies:
      camelcase-css: 2.0.1
      postcss: 8.3.6
    dev: true

  /postcss-load-config/3.1.0:
    resolution: {integrity: sha512-ipM8Ds01ZUophjDTQYSVP70slFSYg3T0/zyfII5vzhN6V57YSxMgG5syXuwi5VtS8wSf3iL30v0uBdoIVx4Q0g==}
    engines: {node: '>= 10'}
    peerDependencies:
      ts-node: '>=9.0.0'
    peerDependenciesMeta:
      ts-node:
        optional: true
    dependencies:
      import-cwd: 3.0.0
      lilconfig: 2.0.3
      yaml: 1.10.2
    dev: true

  /postcss-nested/5.0.6_postcss@8.3.6:
    resolution: {integrity: sha512-rKqm2Fk0KbA8Vt3AdGN0FB9OBOMDVajMG6ZCf/GoHgdxUJ4sBFp0A/uMIRm+MJUdo33YXEtjqIz8u7DAp8B7DA==}
    engines: {node: '>=12.0'}
    peerDependencies:
      postcss: ^8.2.14
    dependencies:
      postcss: 8.3.6
      postcss-selector-parser: 6.0.6
    dev: true

  /postcss-reporter/7.0.2_postcss@8.3.6:
    resolution: {integrity: sha512-JyQ96NTQQsso42y6L1H1RqHfWH1C3Jr0pt91mVv5IdYddZAE9DUZxuferNgk6q0o6vBVOrfVJb10X1FgDzjmDw==}
    engines: {node: '>=10'}
    peerDependencies:
      postcss: ^8.1.0
    dependencies:
      colorette: 1.3.0
      lodash.difference: 4.5.0
      lodash.forown: 4.4.0
      lodash.get: 4.4.2
      lodash.groupby: 4.6.0
      lodash.sortby: 4.7.0
      postcss: 8.3.6
    dev: true

  /postcss-selector-parser/6.0.6:
    resolution: {integrity: sha512-9LXrvaaX3+mcv5xkg5kFwqSzSH1JIObIx51PrndZwlmznwXRfxMddDvo9gve3gVR8ZTKgoFDdWkbRFmEhT4PMg==}
    engines: {node: '>=4'}
    dependencies:
      cssesc: 3.0.0
      util-deprecate: 1.0.2
    dev: true

  /postcss-value-parser/3.3.1:
    resolution: {integrity: sha512-pISE66AbVkp4fDQ7VHBwRNXzAAKJjw4Vw7nWI/+Q3vuly7SNfgYXvm6i5IgFylHGK5sP/xHAbB7N49OS4gWNyQ==}
    dev: true

  /postcss-value-parser/4.1.0:
    resolution: {integrity: sha512-97DXOFbQJhk71ne5/Mt6cOu6yxsSfM0QGQyl0L25Gca4yGWEGJaig7l7gbCX623VqTBNGLRLaVUCnNkcedlRSQ==}
    dev: true

  /postcss/8.3.6:
    resolution: {integrity: sha512-wG1cc/JhRgdqB6WHEuyLTedf3KIRuD0hG6ldkFEZNCjRxiC+3i6kkWUUbiJQayP28iwG35cEmAbe98585BYV0A==}
    engines: {node: ^10 || ^12 || >=14}
    dependencies:
      colorette: 1.3.0
      nanoid: 3.1.25
      source-map-js: 0.6.2
    dev: true

  /pretty-hrtime/1.0.3:
    resolution: {integrity: sha1-t+PqQkNaTJsnWdmeDyAesZWALuE=}
    engines: {node: '>= 0.8'}
    dev: true

  /purgecss/4.0.3:
    resolution: {integrity: sha512-PYOIn5ibRIP34PBU9zohUcCI09c7drPJJtTDAc0Q6QlRz2/CHQ8ywGLdE7ZhxU2VTqB7p5wkvj5Qcm05Rz3Jmw==}
    hasBin: true
    dependencies:
      commander: 6.2.1
      glob: 7.1.7
      postcss: 8.3.6
      postcss-selector-parser: 6.0.6
    dev: true

  /queue-microtask/1.2.3:
    resolution: {integrity: sha512-NuaNSa6flKT5JaSYQzJok04JzTL1CA6aGhv5rfLW3PgqA+M2ChpZQnAC8h8i4ZFkBS8X5RqkDBHA7r4hej3K9A==}
    dev: true

  /quick-lru/5.1.1:
    resolution: {integrity: sha512-WuyALRjWPDGtt/wzJiadO5AXY+8hZ80hVpe6MyivgraREW751X3SbhRvG3eLKOYN+8VEvqLcf3wdnt44Z4S4SA==}
    engines: {node: '>=10'}
    dev: true

  /read-cache/1.0.0:
    resolution: {integrity: sha1-5mTvMRYRZsl1HNvo28+GtftY93Q=}
    dependencies:
      pify: 2.3.0
    dev: true

  /read-pkg/5.2.0:
    resolution: {integrity: sha512-Ug69mNOpfvKDAc2Q8DRpMjjzdtrnv9HcSMX+4VsZxD1aZ6ZzrIE7rlzXBtWTyhULSMKg076AW6WR5iZpD0JiOg==}
    engines: {node: '>=8'}
    dependencies:
      '@types/normalize-package-data': 2.4.1
      normalize-package-data: 2.5.0
      parse-json: 5.2.0
      type-fest: 0.6.0
    dev: true

  /readdirp/3.6.0:
    resolution: {integrity: sha512-hOS089on8RduqdbhvQ5Z37A0ESjsqz6qnRcffsMU3495FuTdqSm+7bhJ29JvIOsBDEEnan5DPu9t3To9VRlMzA==}
    engines: {node: '>=8.10.0'}
    dependencies:
      picomatch: 2.3.0
    dev: true

  /reduce-css-calc/2.1.8:
    resolution: {integrity: sha512-8liAVezDmUcH+tdzoEGrhfbGcP7nOV4NkGE3a74+qqvE7nt9i4sKLGBuZNOnpI4WiGksiNPklZxva80061QiPg==}
    dependencies:
      css-unit-converter: 1.1.2
      postcss-value-parser: 3.3.1
    dev: true

  /require-directory/2.1.1:
    resolution: {integrity: sha1-jGStX9MNqxyXbiNE/+f3kqam30I=}
    engines: {node: '>=0.10.0'}
    dev: true

  /require-relative/0.8.7:
    resolution: {integrity: sha1-eZlTn8ngR6N5KPoZb44VY9q9Nt4=}
    dev: true

  /resolve-from/4.0.0:
    resolution: {integrity: sha512-pb/MYmXstAkysRFx8piNI1tGFNQIFA3vkE3Gq4EuA1dF6gHp/+vgZqsCGJapvy8N3Q+4o7FwvquPJcnZ7RYy4g==}
    engines: {node: '>=4'}
    dev: true

  /resolve-from/5.0.0:
    resolution: {integrity: sha512-qYg9KP24dD5qka9J47d0aVky0N+b4fTU89LN9iDnjB5waksiC49rvMB0PrUJQGoTmH50XPiqOvAjDfaijGxYZw==}
    engines: {node: '>=8'}
    dev: true

  /resolve/1.20.0:
    resolution: {integrity: sha512-wENBPt4ySzg4ybFQW2TT1zMQucPK95HSh/nq2CFTZVOGut2+pQvSsgtda4d26YrYcr067wjbmzOG8byDPBX63A==}
    dependencies:
      is-core-module: 2.6.0
      path-parse: 1.0.7
    dev: true

  /reusify/1.0.4:
    resolution: {integrity: sha512-U9nH88a3fc/ekCF1l0/UP1IosiuIjyTh7hBvXVMHYgVcfGvt897Xguj2UOLDeI5BG2m7/uwyaLVT6fbtCwTyzw==}
    engines: {iojs: '>=1.0.0', node: '>=0.10.0'}
    dev: true

  /rimraf/3.0.2:
    resolution: {integrity: sha512-JZkJMZkAGFFPP2YqXZXPbMlMBgsxzE8ILs4lMIX/2o0L9UBw9O/Y3o6wFw/i9YLapcUJWwqbi3kdxIPdC62TIA==}
    hasBin: true
    dependencies:
      glob: 7.1.7
    dev: true

  /rollup/2.56.3:
    resolution: {integrity: sha512-Au92NuznFklgQCUcV96iXlxUbHuB1vQMaH76DHl5M11TotjOHwqk9CwcrT78+Tnv4FN9uTBxq6p4EJoYkpyekg==}
    engines: {node: '>=10.0.0'}
    hasBin: true
    optionalDependencies:
      fsevents: 2.3.2
    dev: true

  /run-parallel/1.2.0:
    resolution: {integrity: sha512-5l4VyZR86LZ/lDxZTR6jqL8AFE2S0IFLMP26AbjsLVADxHdhB/c0GUsH+y39UfCi3dzz8OlQuPmnaJOMoDHQBA==}
    dependencies:
      queue-microtask: 1.2.3
    dev: true

  /rxjs/6.6.7:
    resolution: {integrity: sha512-hTdwr+7yYNIT5n4AMYp85KA6yw2Va0FLa3Rguvbpa4W3I5xynaBZo41cM3XM+4Q6fRMj3sBYIR1VAmZMXYJvRQ==}
    engines: {npm: '>=2.0.0'}
    dependencies:
      tslib: 1.14.1
    dev: true

  /sade/1.7.4:
    resolution: {integrity: sha512-y5yauMD93rX840MwUJr7C1ysLFBgMspsdTo4UVrDg3fXDvtwOyIqykhVAAm6fk/3au77773itJStObgK+LKaiA==}
    engines: {node: '>= 6'}
    dependencies:
      mri: 1.1.6

  /semiver/1.1.0:
    resolution: {integrity: sha512-QNI2ChmuioGC1/xjyYwyZYADILWyW6AmS1UH6gDj/SFUUUS4MBAWs/7mxnkRPc/F4iHezDP+O8t0dO8WHiEOdg==}
    engines: {node: '>=6'}
    dev: false

  /semver/5.7.1:
    resolution: {integrity: sha512-sauaDf/PZdVgrLTNYHRtpXa1iRiKcaebiKQ1BJdpQlWH2lCvexQdX55snPFyK7QzpudqbCI0qXFfOasHdyNDGQ==}
    hasBin: true
    dev: true

  /shebang-command/2.0.0:
    resolution: {integrity: sha512-kHxr2zZpYtdmrN1qDjrrX/Z1rR1kG8Dx+gkpK1G4eXmvXswmcE1hTWBWYUzlraYw1/yZp6YuDY77YtvbN0dmDA==}
    engines: {node: '>=8'}
    dependencies:
      shebang-regex: 3.0.0
    dev: true

  /shebang-regex/3.0.0:
    resolution: {integrity: sha512-7++dFhtcx3353uBaq8DDR4NuxBetBzC7ZQOhmTQInHEd6bSrXdiEyzCvG07Z44UYdLShWUyXt5M/yhz8ekcb1A==}
    engines: {node: '>=8'}
    dev: true

  /simple-swizzle/0.2.2:
    resolution: {integrity: sha1-pNprY1/8zMoz9w0Xy5JZLeleVXo=}
    dependencies:
      is-arrayish: 0.3.2
    dev: true

  /sirv-cli/1.0.14:
    resolution: {integrity: sha512-yyUTNr984ANKDloqepkYbBSqvx3buwYg2sQKPWjSU+IBia5loaoka2If8N9CMwt8AfP179cdEl7kYJ//iWJHjQ==}
    engines: {node: '>= 10'}
    hasBin: true
    dependencies:
      console-clear: 1.1.1
      get-port: 3.2.0
      kleur: 3.0.3
      local-access: 1.1.0
      sade: 1.7.4
      semiver: 1.1.0
      sirv: 1.0.17
      tinydate: 1.3.0
    dev: false

  /sirv/1.0.17:
    resolution: {integrity: sha512-qx9go5yraB7ekT7bCMqUHJ5jEaOC/GXBxUWv+jeWnb7WzHUFdcQPGWk7YmAwFBaQBrogpuSqd/azbC2lZRqqmw==}
    engines: {node: '>= 10'}
    dependencies:
      '@polka/url': 1.0.0-next.20
      mime: 2.5.2
      totalist: 1.1.0
    dev: false

  /slash/3.0.0:
    resolution: {integrity: sha512-g9Q1haeby36OSStwb4ntCGGGaKsaVSjQ68fBxoQcutl5fS1vuY18H3wSt3jFyFtrkx+Kz0V1G85A4MyAdDMi2Q==}
    engines: {node: '>=8'}
    dev: true

  /source-map-js/0.6.2:
    resolution: {integrity: sha512-/3GptzWzu0+0MBQFrDKzw/DvvMTUORvgY6k6jd/VS6iCR4RDTKWH6v6WPwQoUO8667uQEf9Oe38DxAYWY5F/Ug==}
    engines: {node: '>=0.10.0'}
    dev: true

  /sourcemap-codec/1.4.8:
    resolution: {integrity: sha512-9NykojV5Uih4lgo5So5dtw+f0JgJX30KCNI8gwhz2J9A15wD0Ml6tjHKwf6fTSa6fAdVBdZeNOs9eJ71qCk8vA==}
    dev: true

  /spawn-command/0.0.2-1:
    resolution: {integrity: sha1-YvXpRmmBwbeW3Fkpk34RycaSG9A=}
    dev: true

  /spdx-correct/3.1.1:
    resolution: {integrity: sha512-cOYcUWwhCuHCXi49RhFRCyJEK3iPj1Ziz9DpViV3tbZOwXD49QzIN3MpOLJNxh2qwq2lJJZaKMVw9qNi4jTC0w==}
    dependencies:
      spdx-expression-parse: 3.0.1
      spdx-license-ids: 3.0.10
    dev: true

  /spdx-exceptions/2.3.0:
    resolution: {integrity: sha512-/tTrYOC7PPI1nUAgx34hUpqXuyJG+DTHJTnIULG4rDygi4xu/tfgmq1e1cIRwRzwZgo4NLySi+ricLkZkw4i5A==}
    dev: true

  /spdx-expression-parse/3.0.1:
    resolution: {integrity: sha512-cbqHunsQWnJNE6KhVSMsMeH5H/L9EpymbzqTQ3uLwNCLZ1Q481oWaofqH7nO6V07xlXwY6PhQdQ2IedWx/ZK4Q==}
    dependencies:
      spdx-exceptions: 2.3.0
      spdx-license-ids: 3.0.10
    dev: true

  /spdx-license-ids/3.0.10:
    resolution: {integrity: sha512-oie3/+gKf7QtpitB0LYLETe+k8SifzsX4KixvpOsbI6S0kRiRQ5MKOio8eMSAKQ17N06+wdEOXRiId+zOxo0hA==}
    dev: true

  /string-width/4.2.2:
    resolution: {integrity: sha512-XBJbT3N4JhVumXE0eoLU9DCjcaF92KLNqTmFCnG1pf8duUxFGwtP6AD6nkjw9a3IdiRtL3E2w3JDiE/xi3vOeA==}
    engines: {node: '>=8'}
    dependencies:
      emoji-regex: 8.0.0
      is-fullwidth-code-point: 3.0.0
      strip-ansi: 6.0.0
    dev: true

  /strip-ansi/6.0.0:
    resolution: {integrity: sha512-AuvKTrTfQNYNIctbR1K/YGTR1756GycPsg7b9bdV9Duqur4gv6aKqHXah67Z8ImS7WEz5QVcOtlfW2rZEugt6w==}
    engines: {node: '>=8'}
    dependencies:
      ansi-regex: 5.0.0
    dev: true

  /supports-color/5.5.0:
    resolution: {integrity: sha512-QjVjwdXIt408MIiAqCX4oUKsgU2EqAGzs2Ppkm4aQYbjm+ZEWEcW4SfFNTr4uMNZma0ey4f5lgLrkB0aX0QMow==}
    engines: {node: '>=4'}
    dependencies:
      has-flag: 3.0.0
    dev: true

  /supports-color/7.2.0:
    resolution: {integrity: sha512-qpCAvRl9stuOHveKsn7HncJRvv501qIacKzQlO/+Lwxc9+0q2wLyv4Dfvt80/DPn2pqOBsJdDiogXGR9+OvwRw==}
    engines: {node: '>=8'}
    dependencies:
      has-flag: 4.0.0
    dev: true

  /supports-color/8.1.1:
    resolution: {integrity: sha512-MpUEN2OodtUzxvKQl72cUF7RQ5EiHsGvSsVG0ia9c5RbWGL2CI4C7EpPS8UTBIplnlzZiNuV56w+FuNxy3ty2Q==}
    engines: {node: '>=10'}
    dependencies:
      has-flag: 4.0.0
    dev: true

  /svelte-easy-crop/1.0.4:
    resolution: {integrity: sha512-YWbayjPenBYx1b8Usbh70jXXSy/e2ggY7fYBnemefyXhnrccS6Ke4h2uBB07uGDZdwxQNZvS5ruoXwxxZQVo0g==}
    engines: {node: '14'}
    dev: false

  /svelte-hmr/0.14.7_svelte@3.42.4:
    resolution: {integrity: sha512-pDrzgcWSoMaK6AJkBWkmgIsecW0GChxYZSZieIYfCP0v2oPyx2CYU/zm7TBIcjLVUPP714WxmViE9Thht4etog==}
    peerDependencies:
      svelte: '>=3.19.0'
    dependencies:
      svelte: 3.42.4
    dev: true

  /svelte/3.42.4:
    resolution: {integrity: sha512-DqC0AmDdBrrbIA+Kzl3yhBb6qCn4vZOAfxye2pTnIpinLegyagC5sLI8Pe9GPlXu9VpHBXIwpDDedpMfu++epA==}
    engines: {node: '>= 8'}
    dev: true

  /tailwindcss/2.2.8_3ae63246f7b6ebdbe8521b4b745e51c3:
    resolution: {integrity: sha512-sq6pKVIjklgtuj7OKn+6KD6UqNebYKZYUSx0oKx8aS1usdUXn1TLuwFyr/85HNYu5uHNduLFsXrtQJtkNmYlqQ==}
    engines: {node: '>=12.13.0'}
    hasBin: true
    peerDependencies:
      autoprefixer: ^10.0.2
      postcss: ^8.0.9
    dependencies:
      arg: 5.0.1
      autoprefixer: 10.3.3_postcss@8.3.6
      bytes: 3.1.0
      chalk: 4.1.2
      chokidar: 3.5.2
      color: 4.0.1
      cosmiconfig: 7.0.1
      detective: 5.2.0
      didyoumean: 1.2.2
      dlv: 1.1.3
      fast-glob: 3.2.7
      fs-extra: 10.0.0
      glob-parent: 6.0.1
      html-tags: 3.1.0
      is-glob: 4.0.1
      lodash: 4.17.21
      lodash.topath: 4.5.2
      modern-normalize: 1.1.0
      node-emoji: 1.11.0
      normalize-path: 3.0.0
      object-hash: 2.2.0
      postcss: 8.3.6
      postcss-js: 3.0.3
      postcss-load-config: 3.1.0
      postcss-nested: 5.0.6_postcss@8.3.6
      postcss-selector-parser: 6.0.6
      postcss-value-parser: 4.1.0
      pretty-hrtime: 1.0.3
      purgecss: 4.0.3
      quick-lru: 5.1.1
      reduce-css-calc: 2.1.8
      resolve: 1.20.0
      tmp: 0.2.1
    transitivePeerDependencies:
      - ts-node
    dev: true

  /tinydate/1.3.0:
    resolution: {integrity: sha512-7cR8rLy2QhYHpsBDBVYnnWXm8uRTr38RoZakFSW7Bs7PzfMPNZthuMLkwqZv7MTu8lhQ91cOFYS5a7iFj2oR3w==}
    engines: {node: '>=4'}
    dev: false

  /tmp/0.2.1:
    resolution: {integrity: sha512-76SUhtfqR2Ijn+xllcI5P1oyannHNHByD80W1q447gU3mp9G9PSpGdWmjUOHRDPiHYacIk66W7ubDTuPF3BEtQ==}
    engines: {node: '>=8.17.0'}
    dependencies:
      rimraf: 3.0.2
    dev: true

  /to-regex-range/5.0.1:
    resolution: {integrity: sha512-65P7iz6X5yEr1cwcgvQxbbIw7Uk3gOy5dIdtZ4rDveLqhrdJP+Li/Hx6tyK0NEb+2GCyneCMJiGqrADCSNk8sQ==}
    engines: {node: '>=8.0'}
    dependencies:
      is-number: 7.0.0
    dev: true

  /totalist/1.1.0:
    resolution: {integrity: sha512-gduQwd1rOdDMGxFG1gEvhV88Oirdo2p+KjoYFU7k2g+i7n6AFFbDQ5kMPUsW0pNbfQsB/cwXvT1i4Bue0s9g5g==}
    engines: {node: '>=6'}
    dev: false

  /tree-kill/1.2.2:
    resolution: {integrity: sha512-L0Orpi8qGpRG//Nd+H90vFB+3iHnue1zSSGmNOOCh1GLJ7rUKVwV2HvijphGQS2UmhUZewS9VgvxYIdgr+fG1A==}
    hasBin: true
    dev: true

  /tslib/1.14.1:
    resolution: {integrity: sha512-Xni35NKzjgMrwevysHTCArtLDpPvye8zV/0E4EyYn43P7/7qvQwPh9BGkHewbMulVntbigmcT7rdX3BNo9wRJg==}
    dev: true

  /type-fest/0.6.0:
    resolution: {integrity: sha512-q+MB8nYR1KDLrgr4G5yemftpMC7/QLqVndBmEEdqzmNj5dcFOO4Oo8qlwZE3ULT3+Zim1F8Kq4cBnikNhlCMlg==}
    engines: {node: '>=8'}
    dev: true

  /universalify/2.0.0:
    resolution: {integrity: sha512-hAZsKq7Yy11Zu1DE0OzWjw7nnLZmJZYTDZZyEFHZdUhV8FkH5MCfoU1XMaxXovpyW5nq5scPqq0ZDP9Zyl04oQ==}
    engines: {node: '>= 10.0.0'}
    dev: true

  /util-deprecate/1.0.2:
    resolution: {integrity: sha1-RQ1Nyfpw3nMnYvvS1KKJgUGaDM8=}
    dev: true

  /validate-npm-package-license/3.0.4:
    resolution: {integrity: sha512-DpKm2Ui/xN7/HQKCtpZxoRWBhZ9Z0kqtygG8XCgNQ8ZlDnxuQmWhj566j8fN4Cu3/JmbhsDo7fcAJq4s9h27Ew==}
    dependencies:
      spdx-correct: 3.1.1
      spdx-expression-parse: 3.0.1
    dev: true

  /vite/2.5.1:
    resolution: {integrity: sha512-FwmLbbz8MB1pBs9dKoRDgpiqoijif8hSK1+NNUYc12/cnf+pM2UFhhQ1rcpXgbMhm/5c2USZdVAf0FSkSxaFDA==}
    engines: {node: '>=12.2.0'}
    hasBin: true
    dependencies:
      esbuild: 0.12.24
      postcss: 8.3.6
      resolve: 1.20.0
      rollup: 2.56.3
    optionalDependencies:
      fsevents: 2.3.2
    dev: true

  /which/2.0.2:
    resolution: {integrity: sha512-BLI3Tl1TW3Pvl70l3yq3Y64i+awpwXqsGBYWkkqMtnbXgrMD+yj7rhW0kuEDxzJaYXGjEW5ogapKNMEKNMjibA==}
    engines: {node: '>= 8'}
    hasBin: true
    dependencies:
      isexe: 2.0.0
    dev: true

  /wrap-ansi/7.0.0:
    resolution: {integrity: sha512-YVGIj2kamLSTxw6NsZjoBxfSwsn0ycdesmc4p+Q21c5zPuZ1pl+NfxVdxPtdHvmNVOQ6XSYG4AUtyt/Fi7D16Q==}
    engines: {node: '>=10'}
    dependencies:
      ansi-styles: 4.3.0
      string-width: 4.2.2
      strip-ansi: 6.0.0
    dev: true

  /wrappy/1.0.2:
    resolution: {integrity: sha1-tSQ9jz7BqjXxNkYFvA0QNuMKtp8=}
    dev: true

  /xtend/4.0.2:
    resolution: {integrity: sha512-LKYU1iAXJXUgAXn9URjiu+MWhyUXHsvfp7mcuYm9dSUKK0/CjtrUwFAxD82/mCWbtLsGjFIad0wIsod4zrTAEQ==}
    engines: {node: '>=0.4'}
    dev: true

  /y18n/5.0.8:
    resolution: {integrity: sha512-0pfFzegeDWJHJIAmTLRP2DwHjdF5s7jo9tuztdQxAhINCdvS+3nGINqPd00AphqJR/0LhANUS6/+7SCb98YOfA==}
    engines: {node: '>=10'}
    dev: true

  /yaml/1.10.2:
    resolution: {integrity: sha512-r3vXyErRCYJ7wg28yvBY5VSoAF8ZvlcW9/BwUzEtUsjvX/DKs24dIkuwjtuprwJJHsbyUbLApepYTR1BN4uHrg==}
    engines: {node: '>= 6'}
    dev: true

  /yargs-parser/20.2.9:
    resolution: {integrity: sha512-y11nGElTIV+CT3Zv9t7VKl+Q3hTQoT9a1Qzezhhl6Rp21gJ/IVTW7Z3y9EWXhuUBC2Shnf+DX0antecpAwSP8w==}
    engines: {node: '>=10'}
    dev: true

  /yargs/16.2.0:
    resolution: {integrity: sha512-D1mvvtDG0L5ft/jGWkLpG1+m0eQxOfaBvTNELraWj22wSVUMWxZUvYgJYcKh6jGGIkJFhH4IZPQhR4TKpc8mBw==}
    engines: {node: '>=10'}
    dependencies:
      cliui: 7.0.4
      escalade: 3.1.1
      get-caller-file: 2.0.5
      require-directory: 2.1.1
      string-width: 4.2.2
      y18n: 5.0.8
      yargs-parser: 20.2.9
    dev: true
